// !$*UTF8*$!
{
	archiveVersion = 1;
	classes = {
	};
	objectVersion = 77;
	objects = {

/* Begin PBXBuildFile section */
		04F568D930052E990031E6DF /* AppDelegate.swift in Sources */ = {isa = PBXBuildFile; fileRef = 04F568D830052E990031E6DF /* AppDelegate.swift */; };
		04F568DD30052E990031E6DF /* Main.html in Resources */ = {isa = PBXBuildFile; fileRef = 04F568DB30052E990031E6DF /* Main.html */; };
		04F568DF30052E990031E6DF /* Icon.png in Resources */ = {isa = PBXBuildFile; fileRef = 04F568DE30052E990031E6DF /* Icon.png */; };
		04F568E130052E990031E6DF /* Style.css in Resources */ = {isa = PBXBuildFile; fileRef = 04F568E030052E990031E6DF /* Style.css */; };
		04F568E330052E990031E6DF /* Script.js in Resources */ = {isa = PBXBuildFile; fileRef = 04F568E230052E990031E6DF /* Script.js */; };
		04F568E530052E990031E6DF /* ViewController.swift in Sources */ = {isa = PBXBuildFile; fileRef = 04F568E430052E990031E6DF /* ViewController.swift */; };
		04F568E830052E990031E6DF /* Main.storyboard in Resources */ = {isa = PBXBuildFile; fileRef = 04F568E630052E990031E6DF /* Main.storyboard */; };
		04F568EA30052E9A0031E6DF /* Assets.xcassets in Resources */ = {isa = PBXBuildFile; fileRef = 04F568E930052E9A0031E6DF /* Assets.xcassets */; };
		04F568F130052E9A0031E6DF /* DropDrive Safari Extension Extension.appex in Embed Foundation Extensions */ = {isa = PBXBuildFile; fileRef = 04F568F030052E9A0031E6DF /* DropDrive Safari Extension Extension.appex */; settings = {ATTRIBUTES = (RemoveHeadersOnCopy, ); }; };
		04F568F630052E9A0031E6DF /* SafariWebExtensionHandler.swift in Sources */ = {isa = PBXBuildFile; fileRef = 04F568F530052E9A0031E6DF /* SafariWebExtensionHandler.swift */; };
		04F5690530052E9A0031E6DF /* background.js in Resources */ = {isa = PBXBuildFile; fileRef = 04F5690230052E9A0031E6DF /* background.js */; };
		04F5690630052E9A0031E6DF /* README.md in Resources */ = {isa = PBXBuildFile; fileRef = 04F5690330052E9A0031E6DF /* README.md */; };
		04F5690730052E9A0031E6DF /* manifest.json in Resources */ = {isa = PBXBuildFile; fileRef = 04F5690430052E9A0031E6DF /* manifest.json */; };
/* End PBXBuildFile section */

/* Begin PBXContainerItemProxy section */
		04F568F230052E9A0031E6DF /* PBXContainerItemProxy */ = {
			isa = PBXContainerItemProxy;
			containerPortal = 04F568CD30052E980031E6DF /* Project object */;
			proxyType = 1;
			remoteGlobalIDString = 04F568EF30052E9A0031E6DF;
			remoteInfo = "DropDrive Safari Extension Extension";
		};
/* End PBXContainerItemProxy section */

/* Begin PBXCopyFilesBuildPhase section */
		04F568FD30052E9A0031E6DF /* Embed Foundation Extensions */ = {
			isa = PBXCopyFilesBuildPhase;
			buildActionMask = 2147483647;
			dstPath = "";
			dstSubfolderSpec = 13;
			files = (
				04F568F130052E9A0031E6DF /* DropDrive Safari Extension Extension.appex in Embed Foundation Extensions */,
			);
			name = "Embed Foundation Extensions";
			runOnlyForDeploymentPostprocessing = 0;
		};
/* End PBXCopyFilesBuildPhase section */

/* Begin PBXFileReference section */
		04F568D530052E990031E6DF /* DropDrive Safari Extension.app */ = {isa = PBXFileReference; explicitFileType = wrapper.application; includeInIndex = 0; path = "DropDrive Safari Extension.app"; sourceTree = BUILT_PRODUCTS_DIR; };
		04F568D830052E990031E6DF /* AppDelegate.swift */ = {isa = PBXFileReference; lastKnownFileType = sourcecode.swift; path = AppDelegate.swift; sourceTree = "<group>"; };
		04F568DC30052E990031E6DF /* Base */ = {isa = PBXFileReference; lastKnownFileType = text.html; name = Base; path = Base.lproj/Main.html; sourceTree = "<group>"; };
		04F568DE30052E990031E6DF /* Icon.png */ = {isa = PBXFileReference; lastKnownFileType = image.png; path = Icon.png; sourceTree = "<group>"; };
		04F568E030052E990031E6DF /* Style.css */ = {isa = PBXFileReference; lastKnownFileType = text.css; path = Style.css; sourceTree = "<group>"; };
		04F568E230052E990031E6DF /* Script.js */ = {isa = PBXFileReference; lastKnownFileType = sourcecode.javascript; path = Script.js; sourceTree = "<group>"; };
		04F568E430052E990031E6DF /* ViewController.swift */ = {isa = PBXFileReference; lastKnownFileType = sourcecode.swift; path = ViewController.swift; sourceTree = "<group>"; };
		04F568E730052E990031E6DF /* Base */ = {isa = PBXFileReference; lastKnownFileType = file.storyboard; name = Base; path = Base.lproj/Main.storyboard; sourceTree = "<group>"; };
		04F568E930052E9A0031E6DF /* Assets.xcassets */ = {isa = PBXFileReference; lastKnownFileType = folder.assetcatalog; path = Assets.xcassets; sourceTree = "<group>"; };
		04F568EB30052E9A0031E6DF /* Info.plist */ = {isa = PBXFileReference; lastKnownFileType = text.plist.xml; path = Info.plist; sourceTree = "<group>"; };
		04F568F030052E9A0031E6DF /* DropDrive Safari Extension Extension.appex */ = {isa = PBXFileReference; explicitFileType = "wrapper.app-extension"; includeInIndex = 0; path = "DropDrive Safari Extension Extension.appex"; sourceTree = BUILT_PRODUCTS_DIR; };
		04F568F530052E9A0031E6DF /* SafariWebExtensionHandler.swift */ = {isa = PBXFileReference; lastKnownFileType = sourcecode.swift; path = SafariWebExtensionHandler.swift; sourceTree = "<group>"; };
		04F568F730052E9A0031E6DF /* Info.plist */ = {isa = PBXFileReference; lastKnownFileType = text.plist.xml; path = Info.plist; sourceTree = "<group>"; };
		04F5690230052E9A0031E6DF /* background.js */ = {isa = PBXFileReference; lastKnownFileType = sourcecode.javascript; name = background.js; path = ../../../chrome/background.js; sourceTree = "<group>"; };
		04F5690330052E9A0031E6DF /* README.md */ = {isa = PBXFileReference; lastKnownFileType = net.daringfireball.markdown; name = README.md; path = ../../../chrome/README.md; sourceTree = "<group>"; };
		04F5690430052E9A0031E6DF /* manifest.json */ = {isa = PBXFileReference; lastKnownFileType = text.json; name = manifest.json; path = ../../../chrome/manifest.json; sourceTree = "<group>"; };
/* End PBXFileReference section */

/* Begin PBXFrameworksBuildPhase section */
		04F568D230052E980031E6DF /* Frameworks */ = {
			isa = PBXFrameworksBuildPhase;
			buildActionMask = 2147483647;
			files = (
			);
			runOnlyForDeploymentPostprocessing = 0;
		};
		04F568ED30052E9A0031E6DF /* Frameworks */ = {
			isa = PBXFrameworksBuildPhase;
			buildActionMask = 2147483647;
			files = (
			);
			runOnlyForDeploymentPostprocessing = 0;
		};
/* End PBXFrameworksBuildPhase section */

/* Begin PBXGroup section */
		04F568CC30052E980031E6DF = {
			isa = PBXGroup;
			children = (
				04F568D730052E990031E6DF /* DropDrive Safari Extension */,
				04F568F430052E9A0031E6DF /* DropDrive Safari Extension Extension */,
				04F568D630052E990031E6DF /* Products */,
			);
			sourceTree = "<group>";
		};
		04F568D630052E990031E6DF /* Products */ = {
			isa = PBXGroup;
			children = (
				04F568D530052E990031E6DF /* DropDrive Safari Extension.app */,
				04F568F030052E9A0031E6DF /* DropDrive Safari Extension Extension.appex */,
			);
			name = Products;
			sourceTree = "<group>";
		};
		04F568D730052E990031E6DF /* DropDrive Safari Extension */ = {
			isa = PBXGroup;
			children = (
				04F568D830052E990031E6DF /* AppDelegate.swift */,
				04F568E430052E990031E6DF /* ViewController.swift */,
				04F568E630052E990031E6DF /* Main.storyboard */,
				04F568E930052E9A0031E6DF /* Assets.xcassets */,
				04F568EB30052E9A0031E6DF /* Info.plist */,
				04F568DA30052E990031E6DF /* Resources */,
			);
			path = "DropDrive Safari Extension";
			sourceTree = "<group>";
		};
		04F568DA30052E990031E6DF /* Resources */ = {
			isa = PBXGroup;
			children = (
				04F568DB30052E990031E6DF /* Main.html */,
				04F568DE30052E990031E6DF /* Icon.png */,
				04F568E030052E990031E6DF /* Style.css */,
				04F568E230052E990031E6DF /* Script.js */,
			);
			path = Resources;
			sourceTree = "<group>";
		};
		04F568F430052E9A0031E6DF /* DropDrive Safari Extension Extension */ = {
			isa = PBXGroup;
			children = (
				04F5690130052E9A0031E6DF /* Resources */,
				04F568F530052E9A0031E6DF /* SafariWebExtensionHandler.swift */,
				04F568F730052E9A0031E6DF /* Info.plist */,
			);
			path = "DropDrive Safari Extension Extension";
			sourceTree = "<group>";
		};
		04F5690130052E9A0031E6DF /* Resources */ = {
			isa = PBXGroup;
			children = (
				04F5690230052E9A0031E6DF /* background.js */,
				04F5690330052E9A0031E6DF /* README.md */,
				04F5690430052E9A0031E6DF /* manifest.json */,
			);
			name = Resources;
			path = "DropDrive Safari Extension Extension";
			sourceTree = SOURCE_ROOT;
		};
/* End PBXGroup section */

/* Begin PBXNativeTarget section */
		04F568D430052E980031E6DF /* DropDrive Safari Extension */ = {
			isa = PBXNativeTarget;
			buildConfigurationList = 04F568FE30052E9A0031E6DF /* Build configuration list for PBXNativeTarget "DropDrive Safari Extension" */;
			buildPhases = (
				04F568D130052E980031E6DF /* Sources */,
				04F568D230052E980031E6DF /* Frameworks */,
				04F568D330052E980031E6DF /* Resources */,
				04F568FD30052E9A0031E6DF /* Embed Foundation Extensions */,
			);
			buildRules = (
			);
			dependencies = (
				04F568F330052E9A0031E6DF /* PBXTargetDependency */,
			);
			name = "DropDrive Safari Extension";
			packageProductDependencies = (
			);
			productName = "DropDrive Safari Extension";
			productReference = 04F568D530052E990031E6DF /* DropDrive Safari Extension.app */;
			productType = "com.apple.product-type.application";
		};
		04F568EF30052E9A0031E6DF /* DropDrive Safari Extension Extension */ = {
			isa = PBXNativeTarget;
			buildConfigurationList = 04F568FA30052E9A0031E6DF /* Build configuration list for PBXNativeTarget "DropDrive Safari Extension Extension" */;
			buildPhases = (
				04F568EC30052E9A0031E6DF /* Sources */,
				04F568ED30052E9A0031E6DF /* Frameworks */,
				04F568EE30052E9A0031E6DF /* Resources */,
			);
			buildRules = (
			);
			dependencies = (
			);
			name = "DropDrive Safari Extension Extension";
			packageProductDependencies = (
			);
			productName = "DropDrive Safari Extension Extension";
			productReference = 04F568F030052E9A0031E6DF /* DropDrive Safari Extension Extension.appex */;
			productType = "com.apple.product-type.app-extension";
		};
/* End PBXNativeTarget section */

/* Begin PBXProject section */
		04F568CD30052E980031E6DF /* Project object */ = {
			isa = PBXProject;
			attributes = {
				BuildIndependentTargetsInParallel = 1;
				LastSwiftUpdateCheck = 2660;
				LastUpgradeCheck = 2660;
				TargetAttributes = {
					04F568D430052E980031E6DF = {
						CreatedOnToolsVersion = 26.6;
					};
					04F568EF30052E9A0031E6DF = {
						CreatedOnToolsVersion = 26.6;
					};
				};
			};
			buildConfigurationList = 04F568D030052E980031E6DF /* Build configuration list for PBXProject "DropDrive Safari Extension" */;
			developmentRegion = en;
			hasScannedForEncodings = 0;
			knownRegions = (
				en,
				Base,
			);
			mainGroup = 04F568CC30052E980031E6DF;
			minimizedProjectReferenceProxies = 1;
			preferredProjectObjectVersion = 77;
			productRefGroup = 04F568D630052E990031E6DF /* Products */;
			projectDirPath = "";
			projectRoot = "";
			targets = (
				04F568D430052E980031E6DF /* DropDrive Safari Extension */,
				04F568EF30052E9A0031E6DF /* DropDrive Safari Extension Extension */,
			);
		};
/* End PBXProject section */

/* Begin PBXResourcesBuildPhase section */
		04F568D330052E980031E6DF /* Resources */ = {
			isa = PBXResourcesBuildPhase;
			buildActionMask = 2147483647;
			files = (
				04F568DF30052E990031E6DF /* Icon.png in Resources */,
				04F568E830052E990031E6DF /* Main.storyboard in Resources */,
				04F568E330052E990031E6DF /* Script.js in Resources */,
				04F568DD30052E990031E6DF /* Main.html in Resources */,
				04F568EA30052E9A0031E6DF /* Assets.xcassets in Resources */,
				04F568E130052E990031E6DF /* Style.css in Resources */,
			);
			runOnlyForDeploymentPostprocessing = 0;
		};
		04F568EE30052E9A0031E6DF /* Resources */ = {
			isa = PBXResourcesBuildPhase;
			buildActionMask = 2147483647;
			files = (
				04F5690630052E9A0031E6DF /* README.md in Resources */,
				04F5690730052E9A0031E6DF /* manifest.json in Resources */,
				04F5690530052E9A0031E6DF /* background.js in Resources */,
			);
			runOnlyForDeploymentPostprocessing = 0;
		};
/* End PBXResourcesBuildPhase section */

/* Begin PBXSourcesBuildPhase section */
		04F568D130052E980031E6DF /* Sources */ = {
			isa = PBXSourcesBuildPhase;
			buildActionMask = 2147483647;
			files = (
				04F568E530052E990031E6DF /* ViewController.swift in Sources */,
				04F568D930052E990031E6DF /* AppDelegate.swift in Sources */,
			);
			runOnlyForDeploymentPostprocessing = 0;
		};
		04F568EC30052E9A0031E6DF /* Sources */ = {
			isa = PBXSourcesBuildPhase;
			buildActionMask = 2147483647;
			files = (
				04F568F630052E9A0031E6DF /* SafariWebExtensionHandler.swift in Sources */,
			);
			runOnlyForDeploymentPostprocessing = 0;
		};
/* End PBXSourcesBuildPhase section */

/* Begin PBXTargetDependency section */
		04F568F330052E9A0031E6DF /* PBXTargetDependency */ = {
			isa = PBXTargetDependency;
			target = 04F568EF30052E9A0031E6DF /* DropDrive Safari Extension Extension */;
			targetProxy = 04F568F230052E9A0031E6DF /* PBXContainerItemProxy */;
		};
/* End PBXTargetDependency section */

/* Begin PBXVariantGroup section */
		04F568DB30052E990031E6DF /* Main.html */ = {
			isa = PBXVariantGroup;
			children = (
				04F568DC30052E990031E6DF /* Base */,
			);
			name = Main.html;
			sourceTree = "<group>";
		};
		04F568E630052E990031E6DF /* Main.storyboard */ = {
			isa = PBXVariantGroup;
			children = (
				04F568E730052E990031E6DF /* Base */,
			);
			name = Main.storyboard;
			sourceTree = "<group>";
		};
/* End PBXVariantGroup section */

/* Begin XCBuildConfiguration section */
		04F568F830052E9A0031E6DF /* Debug */ = {
			isa = XCBuildConfiguration;
			buildSettings = {
				ALWAYS_SEARCH_USER_PATHS = NO;
				ASSETCATALOG_COMPILER_GENERATE_SWIFT_ASSET_SYMBOL_EXTENSIONS = YES;
				CLANG_ANALYZER_NONNULL = YES;
				CLANG_ANALYZER_NUMBER_OBJECT_CONVERSION = YES_AGGRESSIVE;
				CLANG_CXX_LANGUAGE_STANDARD = "gnu++20";
				CLANG_ENABLE_MODULES = YES;
				CLANG_ENABLE_OBJC_ARC = YES;
				CLANG_ENABLE_OBJC_WEAK = YES;
				CLANG_WARN_BLOCK_CAPTURE_AUTORELEASING = YES;
				CLANG_WARN_BOOL_CONVERSION = YES;
				CLANG_WARN_COMMA = YES;
				CLANG_WARN_CONSTANT_CONVERSION = YES;
				CLANG_WARN_DEPRECATED_OBJC_IMPLEMENTATIONS = YES;
				CLANG_WARN_DIRECT_OBJC_ISA_USAGE = YES_ERROR;
				CLANG_WARN_DOCUMENTATION_COMMENTS = YES;
				CLANG_WARN_EMPTY_BODY = YES;
				CLANG_WARN_ENUM_CONVERSION = YES;
				CLANG_WARN_INFINITE_RECURSION = YES;
				CLANG_WARN_INT_CONVERSION = YES;
				CLANG_WARN_NON_LITERAL_NULL_CONVERSION = YES;
				CLANG_WARN_OBJC_IMPLICIT_RETAIN_SELF = YES;
				CLANG_WARN_OBJC_LITERAL_CONVERSION = YES;
				CLANG_WARN_OBJC_ROOT_CLASS = YES_ERROR;
				CLANG_WARN_QUOTED_INCLUDE_IN_FRAMEWORK_HEADER = YES;
				CLANG_WARN_RANGE_LOOP_ANALYSIS = YES;
				CLANG_WARN_STRICT_PROTOTYPES = YES;
				CLANG_WARN_SUSPICIOUS_MOVE = YES;
				CLANG_WARN_UNGUARDED_AVAILABILITY = YES_AGGRESSIVE;
				CLANG_WARN_UNREACHABLE_CODE = YES;
				CLANG_WARN__DUPLICATE_METHOD_MATCH = YES;
				COPY_PHASE_STRIP = NO;
				DEBUG_INFORMATION_FORMAT = dwarf;
				ENABLE_STRICT_OBJC_MSGSEND = YES;
				ENABLE_TESTABILITY = YES;
				ENABLE_USER_SCRIPT_SANDBOXING = YES;
				GCC_C_LANGUAGE_STANDARD = gnu17;
				GCC_DYNAMIC_NO_PIC = NO;
				GCC_NO_COMMON_BLOCKS = YES;
				GCC_OPTIMIZATION_LEVEL = 0;
				GCC_PREPROCESSOR_DEFINITIONS = (
					"DEBUG=1",
					"$(inherited)",
				);
				GCC_WARN_64_TO_32_BIT_CONVERSION = YES;
				GCC_WARN_ABOUT_RETURN_TYPE = YES_ERROR;
				GCC_WARN_UNDECLARED_SELECTOR = YES;
				GCC_WARN_UNINITIALIZED_AUTOS = YES_AGGRESSIVE;
				GCC_WARN_UNUSED_FUNCTION = YES;
				GCC_WARN_UNUSED_VARIABLE = YES;
				LOCALIZATION_PREFERS_STRING_CATALOGS = YES;
				MACOSX_DEPLOYMENT_TARGET = 26.5;
				MTL_ENABLE_DEBUG_INFO = INCLUDE_SOURCE;
				MTL_FAST_MATH = YES;
				ONLY_ACTIVE_ARCH = YES;
				SDKROOT = macosx;
				SWIFT_ACTIVE_COMPILATION_CONDITIONS = "DEBUG $(inherited)";
				SWIFT_OPTIMIZATION_LEVEL = "-Onone";
			};
			name = Debug;
		};
		04F568F930052E9A0031E6DF /* Release */ = {
			isa = XCBuildConfiguration;
			buildSettings = {
				ALWAYS_SEARCH_USER_PATHS = NO;
				ASSETCATALOG_COMPILER_GENERATE_SWIFT_ASSET_SYMBOL_EXTENSIONS = YES;
				CLANG_ANALYZER_NONNULL = YES;
				CLANG_ANALYZER_NUMBER_OBJECT_CONVERSION = YES_AGGRESSIVE;
				CLANG_CXX_LANGUAGE_STANDARD = "gnu++20";
				CLANG_ENABLE_MODULES = YES;
				CLANG_ENABLE_OBJC_ARC = YES;
				CLANG_ENABLE_OBJC_WEAK = YES;
				CLANG_WARN_BLOCK_CAPTURE_AUTORELEASING = YES;
				CLANG_WARN_BOOL_CONVERSION = YES;
				CLANG_WARN_COMMA = YES;
				CLANG_WARN_CONSTANT_CONVERSION = YES;
				CLANG_WARN_DEPRECATED_OBJC_IMPLEMENTATIONS = YES;
				CLANG_WARN_DIRECT_OBJC_ISA_USAGE = YES_ERROR;
				CLANG_WARN_DOCUMENTATION_COMMENTS = YES;
				CLANG_WARN_EMPTY_BODY = YES;
				CLANG_WARN_ENUM_CONVERSION = YES;
				CLANG_WARN_INFINITE_RECURSION = YES;
				CLANG_WARN_INT_CONVERSION = YES;
				CLANG_WARN_NON_LITERAL_NULL_CONVERSION = YES;
				CLANG_WARN_OBJC_IMPLICIT_RETAIN_SELF = YES;
				CLANG_WARN_OBJC_LITERAL_CONVERSION = YES;
				CLANG_WARN_OBJC_ROOT_CLASS = YES_ERROR;
				CLANG_WARN_QUOTED_INCLUDE_IN_FRAMEWORK_HEADER = YES;
				CLANG_WARN_RANGE_LOOP_ANALYSIS = YES;
				CLANG_WARN_STRICT_PROTOTYPES = YES;
				CLANG_WARN_SUSPICIOUS_MOVE = YES;
				CLANG_WARN_UNGUARDED_AVAILABILITY = YES_AGGRESSIVE;
				CLANG_WARN_UNREACHABLE_CODE = YES;
				CLANG_WARN__DUPLICATE_METHOD_MATCH = YES;
				COPY_PHASE_STRIP = NO;
				DEBUG_INFORMATION_FORMAT = "dwarf-with-dsym";
				ENABLE_NS_ASSERTIONS = NO;
				ENABLE_STRICT_OBJC_MSGSEND = YES;
				ENABLE_USER_SCRIPT_SANDBOXING = YES;
				GCC_C_LANGUAGE_STANDARD = gnu17;
				GCC_NO_COMMON_BLOCKS = YES;
				GCC_WARN_64_TO_32_BIT_CONVERSION = YES;
				GCC_WARN_ABOUT_RETURN_TYPE = YES_ERROR;
				GCC_WARN_UNDECLARED_SELECTOR = YES;
				GCC_WARN_UNINITIALIZED_AUTOS = YES_AGGRESSIVE;
				GCC_WARN_UNUSED_FUNCTION = YES;
				GCC_WARN_UNUSED_VARIABLE = YES;
				LOCALIZATION_PREFERS_STRING_CATALOGS = YES;
				MACOSX_DEPLOYMENT_TARGET = 26.5;
				MTL_ENABLE_DEBUG_INFO = NO;
				MTL_FAST_MATH = YES;
				SDKROOT = macosx;
				SWIFT_COMPILATION_MODE = wholemodule;
			};
			name = Release;
		};
		04F568FB30052E9A0031E6DF /* Debug */ = {
			isa = XCBuildConfiguration;
			buildSettings = {
				CODE_SIGN_STYLE = Automatic;
				CURRENT_PROJECT_VERSION = 1;
				ENABLE_APP_SANDBOX = YES;
				ENABLE_HARDENED_RUNTIME = YES;
				ENABLE_USER_SELECTED_FILES = readonly;
				GENERATE_INFOPLIST_FILE = YES;
				INFOPLIST_FILE = "DropDrive Safari Extension Extension/Info.plist";
				INFOPLIST_KEY_CFBundleDisplayName = "DropDrive Safari Extension Extension";
				INFOPLIST_KEY_NSHumanReadableCopyright = "";
				LD_RUNPATH_SEARCH_PATHS = (
					"$(inherited)",
					"@executable_path/../Frameworks",
					"@executable_path/../../../../Frameworks",
				);
				MACOSX_DEPLOYMENT_TARGET = 10.14;
				MARKETING_VERSION = 1.0;
				OTHER_LDFLAGS = (
					"-framework",
					SafariServices,
				);
				PRODUCT_BUNDLE_IDENTIFIER = "com.dropdrive.DropDrive.DropDrive-Safari-Extension.Extension";
				PRODUCT_NAME = "$(TARGET_NAME)";
				SKIP_INSTALL = YES;
				STRING_CATALOG_GENERATE_SYMBOLS = YES;
				SWIFT_APPROACHABLE_CONCURRENCY = YES;
				SWIFT_EMIT_LOC_STRINGS = YES;
				SWIFT_UPCOMING_FEATURE_MEMBER_IMPORT_VISIBILITY = YES;
				SWIFT_VERSION = 5.0;
			};
			name = Debug;
		};
		04F568FC30052E9A0031E6DF /* Release */ = {
			isa = XCBuildConfiguration;
			buildSettings = {
				CODE_SIGN_STYLE = Automatic;
				CURRENT_PROJECT_VERSION = 1;
				ENABLE_APP_SANDBOX = YES;
				ENABLE_HARDENED_RUNTIME = YES;
				ENABLE_USER_SELECTED_FILES = readonly;
				GENERATE_INFOPLIST_FILE = YES;
				INFOPLIST_FILE = "DropDrive Safari Extension Extension/Info.plist";
				INFOPLIST_KEY_CFBundleDisplayName = "DropDrive Safari Extension Extension";
				INFOPLIST_KEY_NSHumanReadableCopyright = "";
				LD_RUNPATH_SEARCH_PATHS = (
					"$(inherited)",
					"@executable_path/../Frameworks",
					"@executable_path/../../../../Frameworks",
				);
				MACOSX_DEPLOYMENT_TARGET = 10.14;
				MARKETING_VERSION = 1.0;
				OTHER_LDFLAGS = (
					"-framework",
					SafariServices,
				);
				PRODUCT_BUNDLE_IDENTIFIER = "com.dropdrive.DropDrive.DropDrive-Safari-Extension.Extension";
				PRODUCT_NAME = "$(TARGET_NAME)";
				SKIP_INSTALL = YES;
				STRING_CATALOG_GENERATE_SYMBOLS = YES;
				SWIFT_APPROACHABLE_CONCURRENCY = YES;
				SWIFT_EMIT_LOC_STRINGS = YES;
				SWIFT_UPCOMING_FEATURE_MEMBER_IMPORT_VISIBILITY = YES;
				SWIFT_VERSION = 5.0;
			};
			name = Release;
		};
		04F568FF30052E9A0031E6DF /* Debug */ = {
			isa = XCBuildConfiguration;
			buildSettings = {
				ASSETCATALOG_COMPILER_APPICON_NAME = AppIcon;
				ASSETCATALOG_COMPILER_GLOBAL_ACCENT_COLOR_NAME = AccentColor;
				CODE_SIGN_STYLE = Automatic;
				COMBINE_HIDPI_IMAGES = YES;
				CURRENT_PROJECT_VERSION = 1;
				ENABLE_APP_SANDBOX = YES;
				ENABLE_HARDENED_RUNTIME = YES;
				ENABLE_OUTGOING_NETWORK_CONNECTIONS = YES;
				ENABLE_USER_SELECTED_FILES = readonly;
				GENERATE_INFOPLIST_FILE = YES;
				INFOPLIST_FILE = "DropDrive Safari Extension/Info.plist";
				INFOPLIST_KEY_CFBundleDisplayName = "DropDrive Safari Extension";
				INFOPLIST_KEY_NSHumanReadableCopyright = "";
				INFOPLIST_KEY_NSMainStoryboardFile = Main;
				INFOPLIST_KEY_NSPrincipalClass = NSApplication;
				LD_RUNPATH_SEARCH_PATHS = (
					"$(inherited)",
					"@executable_path/../Frameworks",
				);
				MARKETING_VERSION = 1.0;
				OTHER_LDFLAGS = (
					"-framework",
					SafariServices,
					"-framework",
					WebKit,
				);
				PRODUCT_BUNDLE_IDENTIFIER = "com.dropdrive.DropDrive.DropDrive-Safari-Extension";
				PRODUCT_NAME = "$(TARGET_NAME)";
				REGISTER_APP_GROUPS = YES;
				STRING_CATALOG_GENERATE_SYMBOLS = YES;
				SWIFT_APPROACHABLE_CONCURRENCY = YES;
				SWIFT_DEFAULT_ACTOR_ISOLATION = MainActor;
				SWIFT_EMIT_LOC_STRINGS = YES;
				SWIFT_UPCOMING_FEATURE_MEMBER_IMPORT_VISIBILITY = YES;
				SWIFT_VERSION = 5.0;
			};
			name = Debug;
		};
		04F5690030052E9A0031E6DF /* Release */ = {
			isa = XCBuildConfiguration;
			buildSettings = {
				ASSETCATALOG_COMPILER_APPICON_NAME = AppIcon;
				ASSETCATALOG_COMPILER_GLOBAL_ACCENT_COLOR_NAME = AccentColor;
				CODE_SIGN_STYLE = Automatic;
				COMBINE_HIDPI_IMAGES = YES;
				CURRENT_PROJECT_VERSION = 1;
				ENABLE_APP_SANDBOX = YES;
				ENABLE_HARDENED_RUNTIME = YES;
				ENABLE_OUTGOING_NETWORK_CONNECTIONS = YES;
				ENABLE_USER_SELECTED_FILES = readonly;
				GENERATE_INFOPLIST_FILE = YES;
				INFOPLIST_FILE = "DropDrive Safari Extension/Info.plist";
				INFOPLIST_KEY_CFBundleDisplayName = "DropDrive Safari Extension";
				INFOPLIST_KEY_NSHumanReadableCopyright = "";
				INFOPLIST_KEY_NSMainStoryboardFile = Main;
				INFOPLIST_KEY_NSPrincipalClass = NSApplication;
				LD_RUNPATH_SEARCH_PATHS = (
					"$(inherited)",
					"@executable_path/../Frameworks",
				);
				MARKETING_VERSION = 1.0;
				OTHER_LDFLAGS = (
					"-framework",
					SafariServices,
					"-framework",
					WebKit,
				);
				PRODUCT_BUNDLE_IDENTIFIER = "com.dropdrive.DropDrive.DropDrive-Safari-Extension";
				PRODUCT_NAME = "$(TARGET_NAME)";
				REGISTER_APP_GROUPS = YES;
				STRING_CATALOG_GENERATE_SYMBOLS = YES;
				SWIFT_APPROACHABLE_CONCURRENCY = YES;
				SWIFT_DEFAULT_ACTOR_ISOLATION = MainActor;
				SWIFT_EMIT_LOC_STRINGS = YES;
				SWIFT_UPCOMING_FEATURE_MEMBER_IMPORT_VISIBILITY = YES;
				SWIFT_VERSION = 5.0;
			};
			name = Release;
		};
/* End XCBuildConfiguration section */

/* Begin XCConfigurationList section */
		04F568D030052E980031E6DF /* Build configuration list for PBXProject "DropDrive Safari Extension" */ = {
			isa = XCConfigurationList;
			buildConfigurations = (
				04F568F830052E9A0031E6DF /* Debug */,
				04F568F930052E9A0031E6DF /* Release */,
			);
			defaultConfigurationIsVisible = 0;
			defaultConfigurationName = Release;
		};
		04F568FA30052E9A0031E6DF /* Build configuration list for PBXNativeTarget "DropDrive Safari Extension Extension" */ = {
			isa = XCConfigurationList;
			buildConfigurations = (
				04F568FB30052E9A0031E6DF /* Debug */,
				04F568FC30052E9A0031E6DF /* Release */,
			);
			defaultConfigurationIsVisible = 0;
			defaultConfigurationName = Release;
		};
		04F568FE30052E9A0031E6DF /* Build configuration list for PBXNativeTarget "DropDrive Safari Extension" */ = {
			isa = XCConfigurationList;
			buildConfigurations = (
				04F568FF30052E9A0031E6DF /* Debug */,
				04F5690030052E9A0031E6DF /* Release */,
			);
			defaultConfigurationIsVisible = 0;
			defaultConfigurationName = Release;
		};
/* End XCConfigurationList section */
	};
	rootObject = 04F568CD30052E980031E6DF /* Project object */;
}
