// !$*UTF8*$!
{
	archiveVersion = 1;
	classes = {
	};
	objectVersion = 77;
	objects = {

/* Begin PBXBuildFile section */
		04800F4B3001FBE90006AB71 /* GoogleSignIn in Frameworks */ = {isa = PBXBuildFile; productRef = 04800F4A3001FBE90006AB71 /* GoogleSignIn */; };
		8201033493CB3BB8BB96A7AF /* DropDriveShare.appex in Embed Foundation Extensions */ = {isa = PBXBuildFile; fileRef = ACA0329E6D8741A7E7670DD0 /* DropDriveShare.appex */; settings = {ATTRIBUTES = (RemoveHeadersOnCopy, ); }; };
/* End PBXBuildFile section */

/* Begin PBXContainerItemProxy section */
		A751840B5128553BF5082ED0 /* PBXContainerItemProxy */ = {
			isa = PBXContainerItemProxy;
			containerPortal = 04800F17300186E70006AB71 /* Project object */;
			proxyType = 1;
			remoteGlobalIDString = FF577EB77904052032CE592C;
			remoteInfo = DropDriveShare;
		};
/* End PBXContainerItemProxy section */

/* Begin PBXCopyFilesBuildPhase section */
		4C569298602DAC021069326F /* Embed Foundation Extensions */ = {
			isa = PBXCopyFilesBuildPhase;
			buildActionMask = 2147483647;
			dstPath = "";
			dstSubfolderSpec = 13;
			files = (
				8201033493CB3BB8BB96A7AF /* DropDriveShare.appex in Embed Foundation Extensions */,
			);
			name = "Embed Foundation Extensions";
			runOnlyForDeploymentPostprocessing = 0;
		};
/* End PBXCopyFilesBuildPhase section */

/* Begin PBXFileReference section */
		04800F1F300186E70006AB71 /* DropDrive.app */ = {isa = PBXFileReference; explicitFileType = wrapper.application; includeInIndex = 0; path = DropDrive.app; sourceTree = BUILT_PRODUCTS_DIR; };
		04FFCC173004042A0047641E /* DropDrive.entitlements */ = {isa = PBXFileReference; lastKnownFileType = text.plist.entitlements; path = DropDrive.entitlements; sourceTree = "<group>"; };
		6B3DC9D6880A41B972BE30CB /* DropDriveShare.entitlements */ = {isa = PBXFileReference; lastKnownFileType = text.plist.entitlements; path = DropDriveShare.entitlements; sourceTree = "<group>"; };
		ACA0329E6D8741A7E7670DD0 /* DropDriveShare.appex */ = {isa = PBXFileReference; explicitFileType = "wrapper.app-extension"; includeInIndex = 0; path = DropDriveShare.appex; sourceTree = BUILT_PRODUCTS_DIR; };
/* End PBXFileReference section */

/* Begin PBXFileSystemSynchronizedBuildFileExceptionSet section */
		04FBAE8E3003E150004F08C0 /* Exceptions for "DropDrive" folder in "DropDrive" target */ = {
			isa = PBXFileSystemSynchronizedBuildFileExceptionSet;
			membershipExceptions = (
				Info.plist,
			);
			target = 04800F1E300186E70006AB71 /* DropDrive */;
		};
		A545730758342747876A87E8 /* Exceptions for "DropDriveShare" folder in "DropDriveShare" target */ = {
			isa = PBXFileSystemSynchronizedBuildFileExceptionSet;
			membershipExceptions = (
				Info.plist,
			);
			target = FF577EB77904052032CE592C /* DropDriveShare */;
		};
/* End PBXFileSystemSynchronizedBuildFileExceptionSet section */

/* Begin PBXFileSystemSynchronizedRootGroup section */
		04800F21300186E70006AB71 /* DropDrive */ = {
			isa = PBXFileSystemSynchronizedRootGroup;
			exceptions = (
				04FBAE8E3003E150004F08C0 /* Exceptions for "DropDrive" folder in "DropDrive" target */,
			);
			path = DropDrive;
			sourceTree = "<group>";
		};
		61A21C181F1017E5F74A5770 /* DropDriveShare */ = {
			isa = PBXFileSystemSynchronizedRootGroup;
			exceptions = (
				A545730758342747876A87E8 /* Exceptions for "DropDriveShare" folder in "DropDriveShare" target */,
			);
			path = DropDriveShare;
			sourceTree = "<group>";
		};
/* End PBXFileSystemSynchronizedRootGroup section */

/* Begin PBXFrameworksBuildPhase section */
		04800F1C300186E70006AB71 /* Frameworks */ = {
			isa = PBXFrameworksBuildPhase;
			buildActionMask = 2147483647;
			files = (
				04800F4B3001FBE90006AB71 /* GoogleSignIn in Frameworks */,
			);
			runOnlyForDeploymentPostprocessing = 0;
		};
		2ABA9589B2A0E6742B1EF789 /* Frameworks */ = {
			isa = PBXFrameworksBuildPhase;
			buildActionMask = 2147483647;
			files = (
			);
			runOnlyForDeploymentPostprocessing = 0;
		};
/* End PBXFrameworksBuildPhase section */

/* Begin PBXGroup section */
		04800F16300186E70006AB71 = {
			isa = PBXGroup;
			children = (
				04800F21300186E70006AB71 /* DropDrive */,
				61A21C181F1017E5F74A5770 /* DropDriveShare */,
				04800F20300186E70006AB71 /* Products */,
				04FFCC173004042A0047641E /* DropDrive.entitlements */,
				6B3DC9D6880A41B972BE30CB /* DropDriveShare.entitlements */,
			);
			sourceTree = "<group>";
		};
		04800F20300186E70006AB71 /* Products */ = {
			isa = PBXGroup;
			children = (
				04800F1F300186E70006AB71 /* DropDrive.app */,
				ACA0329E6D8741A7E7670DD0 /* DropDriveShare.appex */,
			);
			name = Products;
			sourceTree = "<group>";
		};
/* End PBXGroup section */

/* Begin PBXNativeTarget section */
		04800F1E300186E70006AB71 /* DropDrive */ = {
			isa = PBXNativeTarget;
			buildConfigurationList = 04800F2A300186EA0006AB71 /* Build configuration list for PBXNativeTarget "DropDrive" */;
			buildPhases = (
				04800F1B300186E70006AB71 /* Sources */,
				04800F1C300186E70006AB71 /* Frameworks */,
				04800F1D300186E70006AB71 /* Resources */,
				4C569298602DAC021069326F /* Embed Foundation Extensions */,
			);
			buildRules = (
			);
			dependencies = (
				F7769101AFC9A8AE45AE2A21 /* PBXTargetDependency */,
			);
			fileSystemSynchronizedGroups = (
				04800F21300186E70006AB71 /* DropDrive */,
			);
			name = DropDrive;
			packageProductDependencies = (
				04800F4A3001FBE90006AB71 /* GoogleSignIn */,
			);
			productName = DropDrive;
			productReference = 04800F1F300186E70006AB71 /* DropDrive.app */;
			productType = "com.apple.product-type.application";
		};
		FF577EB77904052032CE592C /* DropDriveShare */ = {
			isa = PBXNativeTarget;
			buildConfigurationList = 2CE2A645618D456F6082BC4E /* Build configuration list for PBXNativeTarget "DropDriveShare" */;
			buildPhases = (
				FC04E4FE5712B0A2B2C6FCDB /* Sources */,
				2ABA9589B2A0E6742B1EF789 /* Frameworks */,
				4585BBD57619BDF44E243F84 /* Resources */,
			);
			buildRules = (
			);
			dependencies = (
			);
			fileSystemSynchronizedGroups = (
				61A21C181F1017E5F74A5770 /* DropDriveShare */,
			);
			name = DropDriveShare;
			productName = DropDriveShare;
			productReference = ACA0329E6D8741A7E7670DD0 /* DropDriveShare.appex */;
			productType = "com.apple.product-type.app-extension";
		};
/* End PBXNativeTarget section */

/* Begin PBXProject section */
		04800F17300186E70006AB71 /* Project object */ = {
			isa = PBXProject;
			attributes = {
				BuildIndependentTargetsInParallel = 1;
				LastSwiftUpdateCheck = 2660;
				LastUpgradeCheck = 2660;
				TargetAttributes = {
					04800F1E300186E70006AB71 = {
						CreatedOnToolsVersion = 26.6;
					};
					FF577EB77904052032CE592C = {
						CreatedOnToolsVersion = 26.6;
					};
				};
			};
			buildConfigurationList = 04800F1A300186E70006AB71 /* Build configuration list for PBXProject "DropDrive" */;
			developmentRegion = en;
			hasScannedForEncodings = 0;
			knownRegions = (
				en,
				Base,
			);
			mainGroup = 04800F16300186E70006AB71;
			minimizedProjectReferenceProxies = 1;
			packageReferences = (
				04800F493001FBE90006AB71 /* XCRemoteSwiftPackageReference "GoogleSignIn-iOS" */,
			);
			preferredProjectObjectVersion = 77;
			productRefGroup = 04800F20300186E70006AB71 /* Products */;
			projectDirPath = "";
			projectRoot = "";
			targets = (
				04800F1E300186E70006AB71 /* DropDrive */,
				FF577EB77904052032CE592C /* DropDriveShare */,
			);
		};
/* End PBXProject section */

/* Begin PBXResourcesBuildPhase section */
		04800F1D300186E70006AB71 /* Resources */ = {
			isa = PBXResourcesBuildPhase;
			buildActionMask = 2147483647;
			files = (
			);
			runOnlyForDeploymentPostprocessing = 0;
		};
		4585BBD57619BDF44E243F84 /* Resources */ = {
			isa = PBXResourcesBuildPhase;
			buildActionMask = 2147483647;
			files = (
			);
			runOnlyForDeploymentPostprocessing = 0;
		};
/* End PBXResourcesBuildPhase section */

/* Begin PBXSourcesBuildPhase section */
		04800F1B300186E70006AB71 /* Sources */ = {
			isa = PBXSourcesBuildPhase;
			buildActionMask = 2147483647;
			files = (
			);
			runOnlyForDeploymentPostprocessing = 0;
		};
		FC04E4FE5712B0A2B2C6FCDB /* Sources */ = {
			isa = PBXSourcesBuildPhase;
			buildActionMask = 2147483647;
			files = (
			);
			runOnlyForDeploymentPostprocessing = 0;
		};
/* End PBXSourcesBuildPhase section */

/* Begin PBXTargetDependency section */
		F7769101AFC9A8AE45AE2A21 /* PBXTargetDependency */ = {
			isa = PBXTargetDependency;
			target = FF577EB77904052032CE592C /* DropDriveShare */;
			targetProxy = A751840B5128553BF5082ED0 /* PBXContainerItemProxy */;
		};
/* End PBXTargetDependency section */

/* Begin XCBuildConfiguration section */
		04800F28300186EA0006AB71 /* Debug */ = {
			isa = XCBuildConfiguration;
			buildSettings = {
				ALWAYS_SEARCH_USER_PATHS = NO;
				ASSETCATALOG_COMPILER_GENERATE_SWIFT_ASSET_SYMBOL_EXTENSIONS = YES;
				CLANG_ANALYZER_NONNULL = YES;
				CLANG_ANALYZER_NUMBER_OBJECT_CONVERSION = YES_AGGRESSIVE;
				CLANG_CXX_LANGUAGE_STANDARD = "gnu++20";
				CLANG_ENABLE_MODULES = YES;
				CLANG_ENABLE_OBJC_ARC = YES;
				CLANG_ENABLE_OBJC_WEAK = YES;
				CLANG_WARN_BLOCK_CAPTURE_AUTORELEASING = YES;
				CLANG_WARN_BOOL_CONVERSION = YES;
				CLANG_WARN_COMMA = YES;
				CLANG_WARN_CONSTANT_CONVERSION = YES;
				CLANG_WARN_DEPRECATED_OBJC_IMPLEMENTATIONS = YES;
				CLANG_WARN_DIRECT_OBJC_ISA_USAGE = YES_ERROR;
				CLANG_WARN_DOCUMENTATION_COMMENTS = YES;
				CLANG_WARN_EMPTY_BODY = YES;
				CLANG_WARN_ENUM_CONVERSION = YES;
				CLANG_WARN_INFINITE_RECURSION = YES;
				CLANG_WARN_INT_CONVERSION = YES;
				CLANG_WARN_NON_LITERAL_NULL_CONVERSION = YES;
				CLANG_WARN_OBJC_IMPLICIT_RETAIN_SELF = YES;
				CLANG_WARN_OBJC_LITERAL_CONVERSION = YES;
				CLANG_WARN_OBJC_ROOT_CLASS = YES_ERROR;
				CLANG_WARN_QUOTED_INCLUDE_IN_FRAMEWORK_HEADER = YES;
				CLANG_WARN_RANGE_LOOP_ANALYSIS = YES;
				CLANG_WARN_STRICT_PROTOTYPES = YES;
				CLANG_WARN_SUSPICIOUS_MOVE = YES;
				CLANG_WARN_UNGUARDED_AVAILABILITY = YES_AGGRESSIVE;
				CLANG_WARN_UNREACHABLE_CODE = YES;
				CLANG_WARN__DUPLICATE_METHOD_MATCH = YES;
				CODE_SIGN_ENTITLEMENTS = DropDrive.entitlements;
				COPY_PHASE_STRIP = NO;
				DEBUG_INFORMATION_FORMAT = dwarf;
				ENABLE_STRICT_OBJC_MSGSEND = YES;
				ENABLE_TESTABILITY = YES;
				ENABLE_USER_SCRIPT_SANDBOXING = YES;
				GCC_C_LANGUAGE_STANDARD = gnu17;
				GCC_DYNAMIC_NO_PIC = NO;
				GCC_NO_COMMON_BLOCKS = YES;
				GCC_OPTIMIZATION_LEVEL = 0;
				GCC_PREPROCESSOR_DEFINITIONS = (
					"DEBUG=1",
					"$(inherited)",
				);
				GCC_WARN_64_TO_32_BIT_CONVERSION = YES;
				GCC_WARN_ABOUT_RETURN_TYPE = YES_ERROR;
				GCC_WARN_UNDECLARED_SELECTOR = YES;
				GCC_WARN_UNINITIALIZED_AUTOS = YES_AGGRESSIVE;
				GCC_WARN_UNUSED_FUNCTION = YES;
				GCC_WARN_UNUSED_VARIABLE = YES;
				LOCALIZATION_PREFERS_STRING_CATALOGS = YES;
				MACOSX_DEPLOYMENT_TARGET = 14.0;
				MTL_ENABLE_DEBUG_INFO = INCLUDE_SOURCE;
				MTL_FAST_MATH = YES;
				ONLY_ACTIVE_ARCH = YES;
				SDKROOT = macosx;
				SWIFT_ACTIVE_COMPILATION_CONDITIONS = "DEBUG $(inherited)";
				SWIFT_OPTIMIZATION_LEVEL = "-Onone";
			};
			name = Debug;
		};
		04800F29300186EA0006AB71 /* Release */ = {
			isa = XCBuildConfiguration;
			buildSettings = {
				ALWAYS_SEARCH_USER_PATHS = NO;
				ASSETCATALOG_COMPILER_GENERATE_SWIFT_ASSET_SYMBOL_EXTENSIONS = YES;
				CLANG_ANALYZER_NONNULL = YES;
				CLANG_ANALYZER_NUMBER_OBJECT_CONVERSION = YES_AGGRESSIVE;
				CLANG_CXX_LANGUAGE_STANDARD = "gnu++20";
				CLANG_ENABLE_MODULES = YES;
				CLANG_ENABLE_OBJC_ARC = YES;
				CLANG_ENABLE_OBJC_WEAK = YES;
				CLANG_WARN_BLOCK_CAPTURE_AUTORELEASING = YES;
				CLANG_WARN_BOOL_CONVERSION = YES;
				CLANG_WARN_COMMA = YES;
				CLANG_WARN_CONSTANT_CONVERSION = YES;
				CLANG_WARN_DEPRECATED_OBJC_IMPLEMENTATIONS = YES;
				CLANG_WARN_DIRECT_OBJC_ISA_USAGE = YES_ERROR;
				CLANG_WARN_DOCUMENTATION_COMMENTS = YES;
				CLANG_WARN_EMPTY_BODY = YES;
				CLANG_WARN_ENUM_CONVERSION = YES;
				CLANG_WARN_INFINITE_RECURSION = YES;
				CLANG_WARN_INT_CONVERSION = YES;
				CLANG_WARN_NON_LITERAL_NULL_CONVERSION = YES;
				CLANG_WARN_OBJC_IMPLICIT_RETAIN_SELF = YES;
				CLANG_WARN_OBJC_LITERAL_CONVERSION = YES;
				CLANG_WARN_OBJC_ROOT_CLASS = YES_ERROR;
				CLANG_WARN_QUOTED_INCLUDE_IN_FRAMEWORK_HEADER = YES;
				CLANG_WARN_RANGE_LOOP_ANALYSIS = YES;
				CLANG_WARN_STRICT_PROTOTYPES = YES;
				CLANG_WARN_SUSPICIOUS_MOVE = YES;
				CLANG_WARN_UNGUARDED_AVAILABILITY = YES_AGGRESSIVE;
				CLANG_WARN_UNREACHABLE_CODE = YES;
				CLANG_WARN__DUPLICATE_METHOD_MATCH = YES;
				CODE_SIGN_ENTITLEMENTS = DropDrive.entitlements;
				COPY_PHASE_STRIP = NO;
				DEBUG_INFORMATION_FORMAT = "dwarf-with-dsym";
				ENABLE_NS_ASSERTIONS = NO;
				ENABLE_STRICT_OBJC_MSGSEND = YES;
				ENABLE_USER_SCRIPT_SANDBOXING = YES;
				GCC_C_LANGUAGE_STANDARD = gnu17;
				GCC_NO_COMMON_BLOCKS = YES;
				GCC_WARN_64_TO_32_BIT_CONVERSION = YES;
				GCC_WARN_ABOUT_RETURN_TYPE = YES_ERROR;
				GCC_WARN_UNDECLARED_SELECTOR = YES;
				GCC_WARN_UNINITIALIZED_AUTOS = YES_AGGRESSIVE;
				GCC_WARN_UNUSED_FUNCTION = YES;
				GCC_WARN_UNUSED_VARIABLE = YES;
				LOCALIZATION_PREFERS_STRING_CATALOGS = YES;
				MACOSX_DEPLOYMENT_TARGET = 14.0;
				MTL_ENABLE_DEBUG_INFO = NO;
				MTL_FAST_MATH = YES;
				SDKROOT = macosx;
				SWIFT_COMPILATION_MODE = wholemodule;
			};
			name = Release;
		};
		04800F2B300186EA0006AB71 /* Debug */ = {
			isa = XCBuildConfiguration;
			buildSettings = {
				ASSETCATALOG_COMPILER_APPICON_NAME = AppIcon;
				ASSETCATALOG_COMPILER_GLOBAL_ACCENT_COLOR_NAME = AccentColor;
				CODE_SIGN_ENTITLEMENTS = DropDrive.entitlements;
				CODE_SIGN_STYLE = Automatic;
				COMBINE_HIDPI_IMAGES = YES;
				CURRENT_PROJECT_VERSION = 34;
				DEVELOPMENT_TEAM = YM8Y88VSBF;
				ENABLE_APP_SANDBOX = YES;
				ENABLE_PREVIEWS = YES;
				GENERATE_INFOPLIST_FILE = YES;
				INFOPLIST_FILE = DropDrive/Info.plist;
				INFOPLIST_KEY_NSHumanReadableCopyright = "";
				LD_RUNPATH_SEARCH_PATHS = (
					"$(inherited)",
					"@executable_path/../Frameworks",
				);
				MARKETING_VERSION = 6.6.2;
				PRODUCT_BUNDLE_IDENTIFIER = com.dropdrive.DropDrive;
				PRODUCT_NAME = "$(TARGET_NAME)";
				REGISTER_APP_GROUPS = YES;
				STRING_CATALOG_GENERATE_SYMBOLS = YES;
				SWIFT_APPROACHABLE_CONCURRENCY = YES;
				SWIFT_DEFAULT_ACTOR_ISOLATION = MainActor;
				SWIFT_EMIT_LOC_STRINGS = YES;
				SWIFT_UPCOMING_FEATURE_MEMBER_IMPORT_VISIBILITY = YES;
				SWIFT_VERSION = 5.0;
			};
			name = Debug;
		};
		04800F2C300186EA0006AB71 /* Release */ = {
			isa = XCBuildConfiguration;
			buildSettings = {
				ASSETCATALOG_COMPILER_APPICON_NAME = AppIcon;
				ASSETCATALOG_COMPILER_GLOBAL_ACCENT_COLOR_NAME = AccentColor;
				CODE_SIGN_ENTITLEMENTS = DropDrive.entitlements;
				CODE_SIGN_STYLE = Automatic;
				COMBINE_HIDPI_IMAGES = YES;
				CURRENT_PROJECT_VERSION = 34;
				DEVELOPMENT_TEAM = YM8Y88VSBF;
				ENABLE_APP_SANDBOX = YES;
				ENABLE_PREVIEWS = YES;
				GENERATE_INFOPLIST_FILE = YES;
				INFOPLIST_FILE = DropDrive/Info.plist;
				INFOPLIST_KEY_NSHumanReadableCopyright = "";
				LD_RUNPATH_SEARCH_PATHS = (
					"$(inherited)",
					"@executable_path/../Frameworks",
				);
				MARKETING_VERSION = 6.6.2;
				PRODUCT_BUNDLE_IDENTIFIER = com.dropdrive.DropDrive;
				PRODUCT_NAME = "$(TARGET_NAME)";
				REGISTER_APP_GROUPS = YES;
				STRING_CATALOG_GENERATE_SYMBOLS = YES;
				SWIFT_APPROACHABLE_CONCURRENCY = YES;
				SWIFT_DEFAULT_ACTOR_ISOLATION = MainActor;
				SWIFT_EMIT_LOC_STRINGS = YES;
				SWIFT_UPCOMING_FEATURE_MEMBER_IMPORT_VISIBILITY = YES;
				SWIFT_VERSION = 5.0;
			};
			name = Release;
		};
		1D7BFE4291009F6064315A5A /* Release */ = {
			isa = XCBuildConfiguration;
			buildSettings = {
				CODE_SIGN_ENTITLEMENTS = DropDriveShare/DropDriveShare.entitlements;
				CODE_SIGN_STYLE = Automatic;
				CURRENT_PROJECT_VERSION = 34;
				DEVELOPMENT_TEAM = YM8Y88VSBF;
				GENERATE_INFOPLIST_FILE = YES;
				INFOPLIST_FILE = DropDriveShare/Info.plist;
				INFOPLIST_KEY_CFBundleDisplayName = DropDrive;
				INFOPLIST_KEY_NSHumanReadableCopyright = "";
				LD_RUNPATH_SEARCH_PATHS = (
					"$(inherited)",
					"@executable_path/Frameworks",
					"@executable_path/../../Frameworks",
				);
				MACOSX_DEPLOYMENT_TARGET = 14.0;
				MARKETING_VERSION = 6.6.2;
				PRODUCT_BUNDLE_IDENTIFIER = com.dropdrive.DropDrive.Share;
				PRODUCT_NAME = "$(TARGET_NAME)";
				SDKROOT = macosx;
				SKIP_INSTALL = YES;
				SWIFT_EMIT_LOC_STRINGS = YES;
				SWIFT_VERSION = 5.0;
			};
			name = Release;
		};
		DF146D98FACF976D82BAEF10 /* Debug */ = {
			isa = XCBuildConfiguration;
			buildSettings = {
				CODE_SIGN_ENTITLEMENTS = DropDriveShare/DropDriveShare.entitlements;
				CODE_SIGN_STYLE = Automatic;
				CURRENT_PROJECT_VERSION = 34;
				DEVELOPMENT_TEAM = YM8Y88VSBF;
				GENERATE_INFOPLIST_FILE = YES;
				INFOPLIST_FILE = DropDriveShare/Info.plist;
				INFOPLIST_KEY_CFBundleDisplayName = DropDrive;
				INFOPLIST_KEY_NSHumanReadableCopyright = "";
				LD_RUNPATH_SEARCH_PATHS = (
					"$(inherited)",
					"@executable_path/Frameworks",
					"@executable_path/../../Frameworks",
				);
				MACOSX_DEPLOYMENT_TARGET = 14.0;
				MARKETING_VERSION = 6.6.2;
				PRODUCT_BUNDLE_IDENTIFIER = com.dropdrive.DropDrive.Share;
				PRODUCT_NAME = "$(TARGET_NAME)";
				SDKROOT = macosx;
				SKIP_INSTALL = YES;
				SWIFT_EMIT_LOC_STRINGS = YES;
				SWIFT_VERSION = 5.0;
			};
			name = Debug;
		};
/* End XCBuildConfiguration section */

/* Begin XCConfigurationList section */
		04800F1A300186E70006AB71 /* Build configuration list for PBXProject "DropDrive" */ = {
			isa = XCConfigurationList;
			buildConfigurations = (
				04800F28300186EA0006AB71 /* Debug */,
				04800F29300186EA0006AB71 /* Release */,
			);
			defaultConfigurationIsVisible = 0;
			defaultConfigurationName = Release;
		};
		04800F2A300186EA0006AB71 /* Build configuration list for PBXNativeTarget "DropDrive" */ = {
			isa = XCConfigurationList;
			buildConfigurations = (
				04800F2B300186EA0006AB71 /* Debug */,
				04800F2C300186EA0006AB71 /* Release */,
			);
			defaultConfigurationIsVisible = 0;
			defaultConfigurationName = Release;
		};
		2CE2A645618D456F6082BC4E /* Build configuration list for PBXNativeTarget "DropDriveShare" */ = {
			isa = XCConfigurationList;
			buildConfigurations = (
				DF146D98FACF976D82BAEF10 /* Debug */,
				1D7BFE4291009F6064315A5A /* Release */,
			);
			defaultConfigurationIsVisible = 0;
			defaultConfigurationName = Release;
		};
/* End XCConfigurationList section */

/* Begin XCRemoteSwiftPackageReference section */
		04800F493001FBE90006AB71 /* XCRemoteSwiftPackageReference "GoogleSignIn-iOS" */ = {
			isa = XCRemoteSwiftPackageReference;
			repositoryURL = "https://github.com/google/GoogleSignIn-iOS";
			requirement = {
				kind = upToNextMajorVersion;
				minimumVersion = 9.2.0;
			};
		};
/* End XCRemoteSwiftPackageReference section */

/* Begin XCSwiftPackageProductDependency section */
		04800F4A3001FBE90006AB71 /* GoogleSignIn */ = {
			isa = XCSwiftPackageProductDependency;
			package = 04800F493001FBE90006AB71 /* XCRemoteSwiftPackageReference "GoogleSignIn-iOS" */;
			productName = GoogleSignIn;
		};
/* End XCSwiftPackageProductDependency section */
	};
	rootObject = 04800F17300186E70006AB71 /* Project object */;
}
